// !$*UTF8*$!
{
	archiveVersion = 1;
	classes = {
	};
	objectVersion = 50;
	objects = {

/* Begin PBXBuildFile section */
		9D439F71237444C400A6C911 /* Person.cpp in Sources */ = {isa = PBXBuildFile; fileRef = 9D439F6F237444C400A6C911 /* Person.cpp */; };
		9D439F772374466B00A6C911 /* splayer_ios_birdge_impl.cpp in Sources */ = {isa = PBXBuildFile; fileRef = 9D439F752374466B00A6C911 /* splayer_ios_birdge_impl.cpp */; };
		9DD3F9812376C90100DD4512 /* Person.hpp in Headers */ = {isa = PBXBuildFile; fileRef = 9D439F70237444C400A6C911 /* Person.hpp */; };
		9DDB83102372F22A00DA3F99 /* splayer_ios_birdge.h in Headers */ = {isa = PBXBuildFile; fileRef = 9DDB830F2372F22A00DA3F99 /* splayer_ios_birdge.h */; };
		9DDB831B2373166000DA3F99 /* module_birdge.h in Headers */ = {isa = PBXBuildFile; fileRef = 9DDB831A2373166000DA3F99 /* module_birdge.h */; };
		9DE51FBD2371E5A0003B6CCC /* splayer_iosTests.swift in Sources */ = {isa = PBXBuildFile; fileRef = 9DE51FBC2371E5A0003B6CCC /* splayer_iosTests.swift */; };
		9DE51FBF2371E5A0003B6CCC /* splayer_ios.h in Headers */ = {isa = PBXBuildFile; fileRef = 9DE51FB12371E5A0003B6CCC /* splayer_ios.h */; settings = {ATTRIBUTES = (Public, ); }; };
		9DE51FD62371E611003B6CCC /* MediaPlayer.swift in Sources */ = {isa = PBXBuildFile; fileRef = 9DE51FD52371E611003B6CCC /* MediaPlayer.swift */; };
/* End PBXBuildFile section */

/* Begin PBXContainerItemProxy section */
		9DE51FB92371E5A0003B6CCC /* PBXContainerItemProxy */ = {
			isa = PBXContainerItemProxy;
			containerPortal = 9DE51FA52371E5A0003B6CCC /* Project object */;
			proxyType = 1;
			remoteGlobalIDString = 9DE51FAD2371E5A0003B6CCC;
			remoteInfo = splayer_ios;
		};
/* End PBXContainerItemProxy section */

/* Begin PBXFileReference section */
		9D161F402376F1E800C0EF74 /* libavdevice.a */ = {isa = PBXFileReference; lastKnownFileType = archive.ar; name = libavdevice.a; path = ../distribution/ios/ffmpeg/lib/libavdevice.a; sourceTree = "<group>"; };
		9D439F6F237444C400A6C911 /* Person.cpp */ = {isa = PBXFileReference; fileEncoding = 4; lastKnownFileType = sourcecode.cpp.cpp; path = Person.cpp; sourceTree = "<group>"; };
		9D439F70237444C400A6C911 /* Person.hpp */ = {isa = PBXFileReference; fileEncoding = 4; lastKnownFileType = sourcecode.cpp.h; path = Person.hpp; sourceTree = "<group>"; };
		9D439F752374466B00A6C911 /* splayer_ios_birdge_impl.cpp */ = {isa = PBXFileReference; lastKnownFileType = sourcecode.cpp.cpp; path = splayer_ios_birdge_impl.cpp; sourceTree = "<group>"; };
		9D439F762374466B00A6C911 /* splayer_ios_birdge_impl.hpp */ = {isa = PBXFileReference; lastKnownFileType = sourcecode.cpp.h; path = splayer_ios_birdge_impl.hpp; sourceTree = "<group>"; };
		9D89DE7123743E7200AB7B92 /* CMakeLists.txt */ = {isa = PBXFileReference; lastKnownFileType = text; path = CMakeLists.txt; sourceTree = "<group>"; };
		9D89DE7323743E7200AB7B92 /* FrameQueue.h */ = {isa = PBXFileReference; lastKnownFileType = sourcecode.c.h; path = FrameQueue.h; sourceTree = "<group>"; };
		9D89DE7423743E7200AB7B92 /* AudioDecoder.h */ = {isa = PBXFileReference; lastKnownFileType = sourcecode.c.h; path = AudioDecoder.h; sourceTree = "<group>"; };
		9D89DE7523743E7200AB7B92 /* MediaPlayer.h */ = {isa = PBXFileReference; lastKnownFileType = sourcecode.c.h; path = MediaPlayer.h; sourceTree = "<group>"; };
		9D89DE7623743E7200AB7B92 /* Condition.h */ = {isa = PBXFileReference; lastKnownFileType = sourcecode.c.h; path = Condition.h; sourceTree = "<group>"; };
		9D89DE7723743E7200AB7B92 /* AudioDevice.h */ = {isa = PBXFileReference; lastKnownFileType = sourcecode.c.h; path = AudioDevice.h; sourceTree = "<group>"; };
		9D89DE7823743E7200AB7B92 /* PlayerStatus.h */ = {isa = PBXFileReference; lastKnownFileType = sourcecode.c.h; path = PlayerStatus.h; sourceTree = "<group>"; };
		9D89DE7923743E7200AB7B92 /* MediaClock.h */ = {isa = PBXFileReference; lastKnownFileType = sourcecode.c.h; path = MediaClock.h; sourceTree = "<group>"; };
		9D89DE7A23743E7200AB7B92 /* IMediaPlayer.h */ = {isa = PBXFileReference; lastKnownFileType = sourcecode.c.h; path = IMediaPlayer.h; sourceTree = "<group>"; };
		9D89DE7B23743E7200AB7B92 /* ISyncMediaPlayer.h */ = {isa = PBXFileReference; lastKnownFileType = sourcecode.c.h; path = ISyncMediaPlayer.h; sourceTree = "<group>"; };
		9D89DE7C23743E7200AB7B92 /* Errors.h */ = {isa = PBXFileReference; lastKnownFileType = sourcecode.c.h; path = Errors.h; sourceTree = "<group>"; };
		9D89DE7D23743E7200AB7B92 /* Stream.h */ = {isa = PBXFileReference; lastKnownFileType = sourcecode.c.h; path = Stream.h; sourceTree = "<group>"; };
		9D89DE7E23743E7200AB7B92 /* IStreamListener.h */ = {isa = PBXFileReference; lastKnownFileType = sourcecode.c.h; path = IStreamListener.h; sourceTree = "<group>"; };
		9D89DE7F23743E7200AB7B92 /* VideoDecoder.h */ = {isa = PBXFileReference; lastKnownFileType = sourcecode.c.h; path = VideoDecoder.h; sourceTree = "<group>"; };
		9D89DE8023743E7200AB7B92 /* PlayerInfoStatus.h */ = {isa = PBXFileReference; lastKnownFileType = sourcecode.c.h; path = PlayerInfoStatus.h; sourceTree = "<group>"; };
		9D89DE8123743E7200AB7B92 /* Msg.h */ = {isa = PBXFileReference; lastKnownFileType = sourcecode.c.h; path = Msg.h; sourceTree = "<group>"; };
		9D89DE8223743E7200AB7B92 /* Thread.h */ = {isa = PBXFileReference; lastKnownFileType = sourcecode.c.h; path = Thread.h; sourceTree = "<group>"; };
		9D89DE8323743E7200AB7B92 /* Log.h */ = {isa = PBXFileReference; lastKnownFileType = sourcecode.c.h; path = Log.h; sourceTree = "<group>"; };
		9D89DE8423743E7200AB7B92 /* VideoDevice.h */ = {isa = PBXFileReference; lastKnownFileType = sourcecode.c.h; path = VideoDevice.h; sourceTree = "<group>"; };
		9D89DE8523743E7200AB7B92 /* PacketQueue.h */ = {isa = PBXFileReference; lastKnownFileType = sourcecode.c.h; path = PacketQueue.h; sourceTree = "<group>"; };
		9D89DE8623743E7200AB7B92 /* IMessageListener.h */ = {isa = PBXFileReference; lastKnownFileType = sourcecode.c.h; path = IMessageListener.h; sourceTree = "<group>"; };
		9D89DE8723743E7200AB7B92 /* MessageQueue.h */ = {isa = PBXFileReference; lastKnownFileType = sourcecode.c.h; path = MessageQueue.h; sourceTree = "<group>"; };
		9D89DE8823743E7200AB7B92 /* MediaSync.h */ = {isa = PBXFileReference; lastKnownFileType = sourcecode.c.h; path = MediaSync.h; sourceTree = "<group>"; };
		9D89DE8923743E7200AB7B92 /* Texture.h */ = {isa = PBXFileReference; lastKnownFileType = sourcecode.c.h; path = Texture.h; sourceTree = "<group>"; };
		9D89DE8A23743E7200AB7B92 /* AudioResample.h */ = {isa = PBXFileReference; lastKnownFileType = sourcecode.c.h; path = AudioResample.h; sourceTree = "<group>"; };
		9D89DE8B23743E7200AB7B92 /* FFmpegUtils.h */ = {isa = PBXFileReference; lastKnownFileType = sourcecode.c.h; path = FFmpegUtils.h; sourceTree = "<group>"; };
		9D89DE8C23743E7200AB7B92 /* Mutex.h */ = {isa = PBXFileReference; lastKnownFileType = sourcecode.c.h; path = Mutex.h; sourceTree = "<group>"; };
		9D89DE8D23743E7200AB7B92 /* MessageCenter.h */ = {isa = PBXFileReference; lastKnownFileType = sourcecode.c.h; path = MessageCenter.h; sourceTree = "<group>"; };
		9D89DE8E23743E7200AB7B92 /* MediaDecoder.h */ = {isa = PBXFileReference; lastKnownFileType = sourcecode.c.h; path = MediaDecoder.h; sourceTree = "<group>"; };
		9D89DE8F23743E7200AB7B92 /* .gitignore */ = {isa = PBXFileReference; lastKnownFileType = text; path = .gitignore; sourceTree = "<group>"; };
		9D89DE9123743E7200AB7B92 /* status.png */ = {isa = PBXFileReference; lastKnownFileType = image.png; path = status.png; sourceTree = "<group>"; };
		9D89DE9223743E7200AB7B92 /* OpenSL_ES_Specification_1.0.1.pdf */ = {isa = PBXFileReference; lastKnownFileType = image.pdf; path = OpenSL_ES_Specification_1.0.1.pdf; sourceTree = "<group>"; };
		9D89DE9523743E7200AB7B92 /* Project.xml */ = {isa = PBXFileReference; lastKnownFileType = text.xml; path = Project.xml; sourceTree = "<group>"; };
		9D89DE9623743E7200AB7B92 /* vcs.xml */ = {isa = PBXFileReference; lastKnownFileType = text.xml; path = vcs.xml; sourceTree = "<group>"; };
		9D89DE9723743E7200AB7B92 /* workspace.xml */ = {isa = PBXFileReference; lastKnownFileType = text.xml; path = workspace.xml; sourceTree = "<group>"; };
		9D89DE9823743E7200AB7B92 /* modules.xml */ = {isa = PBXFileReference; lastKnownFileType = text.xml; path = modules.xml; sourceTree = "<group>"; };
		9D89DE9923743E7200AB7B92 /* splayer_engine.iml */ = {isa = PBXFileReference; lastKnownFileType = text.xml; path = splayer_engine.iml; sourceTree = "<group>"; };
		9D89DE9A23743E7200AB7B92 /* misc.xml */ = {isa = PBXFileReference; lastKnownFileType = text.xml; path = misc.xml; sourceTree = "<group>"; };
		9D89DE9C23743E7200AB7B92 /* VideoDevice.cpp */ = {isa = PBXFileReference; lastKnownFileType = sourcecode.cpp.cpp; path = VideoDevice.cpp; sourceTree = "<group>"; };
		9D89DE9D23743E7200AB7B92 /* Log.cpp */ = {isa = PBXFileReference; lastKnownFileType = sourcecode.cpp.cpp; path = Log.cpp; sourceTree = "<group>"; };
		9D89DE9E23743E7200AB7B92 /* MediaPlayer.cpp */ = {isa = PBXFileReference; lastKnownFileType = sourcecode.cpp.cpp; path = MediaPlayer.cpp; sourceTree = "<group>"; };
		9D89DE9F23743E7200AB7B92 /* MediaSync.cpp */ = {isa = PBXFileReference; lastKnownFileType = sourcecode.cpp.cpp; path = MediaSync.cpp; sourceTree = "<group>"; };
		9D89DEA023743E7200AB7B92 /* AudioDecoder.cpp */ = {isa = PBXFileReference; lastKnownFileType = sourcecode.cpp.cpp; path = AudioDecoder.cpp; sourceTree = "<group>"; };
		9D89DEA123743E7200AB7B92 /* FFmpegUtils.cpp */ = {isa = PBXFileReference; lastKnownFileType = sourcecode.cpp.cpp; path = FFmpegUtils.cpp; sourceTree = "<group>"; };
		9D89DEA223743E7200AB7B92 /* PacketQueue.cpp */ = {isa = PBXFileReference; lastKnownFileType = sourcecode.cpp.cpp; path = PacketQueue.cpp; sourceTree = "<group>"; };
		9D89DEA323743E7200AB7B92 /* MessageQueue.cpp */ = {isa = PBXFileReference; lastKnownFileType = sourcecode.cpp.cpp; path = MessageQueue.cpp; sourceTree = "<group>"; };
		9D89DEA423743E7200AB7B92 /* MediaDecoder.cpp */ = {isa = PBXFileReference; lastKnownFileType = sourcecode.cpp.cpp; path = MediaDecoder.cpp; sourceTree = "<group>"; };
		9D89DEA523743E7200AB7B92 /* MessageCenter.cpp */ = {isa = PBXFileReference; lastKnownFileType = sourcecode.cpp.cpp; path = MessageCenter.cpp; sourceTree = "<group>"; };
		9D89DEA623743E7200AB7B92 /* AudioResample.cpp */ = {isa = PBXFileReference; lastKnownFileType = sourcecode.cpp.cpp; path = AudioResample.cpp; sourceTree = "<group>"; };
		9D89DEA723743E7200AB7B92 /* AudioDevice.cpp */ = {isa = PBXFileReference; lastKnownFileType = sourcecode.cpp.cpp; path = AudioDevice.cpp; sourceTree = "<group>"; };
		9D89DEA823743E7200AB7B92 /* Stream.cpp */ = {isa = PBXFileReference; lastKnownFileType = sourcecode.cpp.cpp; path = Stream.cpp; sourceTree = "<group>"; };
		9D89DEA923743E7200AB7B92 /* FrameQueue.cpp */ = {isa = PBXFileReference; lastKnownFileType = sourcecode.cpp.cpp; path = FrameQueue.cpp; sourceTree = "<group>"; };
		9D89DEAA23743E7200AB7B92 /* PlayerInfoStatus.cpp */ = {isa = PBXFileReference; lastKnownFileType = sourcecode.cpp.cpp; path = PlayerInfoStatus.cpp; sourceTree = "<group>"; };
		9D89DEAB23743E7200AB7B92 /* MediaClock.cpp */ = {isa = PBXFileReference; lastKnownFileType = sourcecode.cpp.cpp; path = MediaClock.cpp; sourceTree = "<group>"; };
		9D89DEAC23743E7200AB7B92 /* VideoDecoder.cpp */ = {isa = PBXFileReference; lastKnownFileType = sourcecode.cpp.cpp; path = VideoDecoder.cpp; sourceTree = "<group>"; };
		9D89DEAD23743E7200AB7B92 /* Msg.cpp */ = {isa = PBXFileReference; lastKnownFileType = sourcecode.cpp.cpp; path = Msg.cpp; sourceTree = "<group>"; };
		9DD3FA282376D2A300DD4512 /* libavcodec.a */ = {isa = PBXFileReference; lastKnownFileType = archive.ar; name = libavcodec.a; path = ../distribution/ios/ffmpeg/lib/libavcodec.a; sourceTree = "<group>"; };
		9DD3FA292376D2A300DD4512 /* libswresample.a */ = {isa = PBXFileReference; lastKnownFileType = archive.ar; name = libswresample.a; path = ../distribution/ios/ffmpeg/lib/libswresample.a; sourceTree = "<group>"; };
		9DD3FA2A2376D2A300DD4512 /* libavformat.a */ = {isa = PBXFileReference; lastKnownFileType = archive.ar; name = libavformat.a; path = ../distribution/ios/ffmpeg/lib/libavformat.a; sourceTree = "<group>"; };
		9DD3FA2B2376D2A300DD4512 /* libavutil.a */ = {isa = PBXFileReference; lastKnownFileType = archive.ar; name = libavutil.a; path = ../distribution/ios/ffmpeg/lib/libavutil.a; sourceTree = "<group>"; };
		9DD3FA2C2376D2A300DD4512 /* libswscale.a */ = {isa = PBXFileReference; lastKnownFileType = archive.ar; name = libswscale.a; path = ../distribution/ios/ffmpeg/lib/libswscale.a; sourceTree = "<group>"; };
		9DD3FA2D2376D2A300DD4512 /* libavfilter.a */ = {isa = PBXFileReference; lastKnownFileType = archive.ar; name = libavfilter.a; path = ../distribution/ios/ffmpeg/lib/libavfilter.a; sourceTree = "<group>"; };
		9DD3FA892376D74A00DD4512 /* CMakeLists.txt */ = {isa = PBXFileReference; lastKnownFileType = text; path = CMakeLists.txt; sourceTree = "<group>"; };
		9DD3FA8B2376D74A00DD4512 /* FIFOSampleBuffer.h */ = {isa = PBXFileReference; lastKnownFileType = sourcecode.c.h; path = FIFOSampleBuffer.h; sourceTree = "<group>"; };
		9DD3FA8C2376D74A00DD4512 /* FIRFilter.h */ = {isa = PBXFileReference; lastKnownFileType = sourcecode.c.h; path = FIRFilter.h; sourceTree = "<group>"; };
		9DD3FA8D2376D74A00DD4512 /* STTypes.h */ = {isa = PBXFileReference; lastKnownFileType = sourcecode.c.h; path = STTypes.h; sourceTree = "<group>"; };
		9DD3FA8E2376D74A00DD4512 /* SoundTouchWrapper.h */ = {isa = PBXFileReference; lastKnownFileType = sourcecode.c.h; path = SoundTouchWrapper.h; sourceTree = "<group>"; };
		9DD3FA8F2376D74A00DD4512 /* BPMDetect.h */ = {isa = PBXFileReference; lastKnownFileType = sourcecode.c.h; path = BPMDetect.h; sourceTree = "<group>"; };
		9DD3FA902376D74A00DD4512 /* PeakFinder.h */ = {isa = PBXFileReference; lastKnownFileType = sourcecode.c.h; path = PeakFinder.h; sourceTree = "<group>"; };
		9DD3FA912376D74A00DD4512 /* SoundTouch.h */ = {isa = PBXFileReference; lastKnownFileType = sourcecode.c.h; path = SoundTouch.h; sourceTree = "<group>"; };
		9DD3FA922376D74A00DD4512 /* soundtouch_config.h */ = {isa = PBXFileReference; lastKnownFileType = sourcecode.c.h; path = soundtouch_config.h; sourceTree = "<group>"; };
		9DD3FA932376D74A00DD4512 /* FIFOSamplePipe.h */ = {isa = PBXFileReference; lastKnownFileType = sourcecode.c.h; path = FIFOSamplePipe.h; sourceTree = "<group>"; };
		9DD3FA942376D74A00DD4512 /* AAFilter.h */ = {isa = PBXFileReference; lastKnownFileType = sourcecode.c.h; path = AAFilter.h; sourceTree = "<group>"; };
		9DD3FA952376D74A00DD4512 /* InterpolateLinear.h */ = {isa = PBXFileReference; lastKnownFileType = sourcecode.c.h; path = InterpolateLinear.h; sourceTree = "<group>"; };
		9DD3FA962376D74A00DD4512 /* RateTransposer.h */ = {isa = PBXFileReference; lastKnownFileType = sourcecode.c.h; path = RateTransposer.h; sourceTree = "<group>"; };
		9DD3FA972376D74A00DD4512 /* TDStretch.h */ = {isa = PBXFileReference; lastKnownFileType = sourcecode.c.h; path = TDStretch.h; sourceTree = "<group>"; };
		9DD3FA982376D74A00DD4512 /* InterpolateShannon.h */ = {isa = PBXFileReference; lastKnownFileType = sourcecode.c.h; path = InterpolateShannon.h; sourceTree = "<group>"; };
		9DD3FA992376D74A00DD4512 /* cpu_detect.h */ = {isa = PBXFileReference; lastKnownFileType = sourcecode.c.h; path = cpu_detect.h; sourceTree = "<group>"; };
		9DD3FA9A2376D74A00DD4512 /* InterpolateCubic.h */ = {isa = PBXFileReference; lastKnownFileType = sourcecode.c.h; path = InterpolateCubic.h; sourceTree = "<group>"; };
		9DD3FA9B2376D74A00DD4512 /* .gitignore */ = {isa = PBXFileReference; lastKnownFileType = text; path = .gitignore; sourceTree = "<group>"; };
		9DD3FA9E2376D74A00DD4512 /* Project.xml */ = {isa = PBXFileReference; lastKnownFileType = text.xml; path = Project.xml; sourceTree = "<group>"; };
		9DD3FA9F2376D74A00DD4512 /* vcs.xml */ = {isa = PBXFileReference; lastKnownFileType = text.xml; path = vcs.xml; sourceTree = "<group>"; };
		9DD3FAA02376D74A00DD4512 /* splayer_soundtouch.iml */ = {isa = PBXFileReference; lastKnownFileType = text.xml; path = splayer_soundtouch.iml; sourceTree = "<group>"; };
		9DD3FAA12376D74A00DD4512 /* workspace.xml */ = {isa = PBXFileReference; lastKnownFileType = text.xml; path = workspace.xml; sourceTree = "<group>"; };
		9DD3FAA22376D74A00DD4512 /* modules.xml */ = {isa = PBXFileReference; lastKnownFileType = text.xml; path = modules.xml; sourceTree = "<group>"; };
		9DD3FAA32376D74A00DD4512 /* misc.xml */ = {isa = PBXFileReference; lastKnownFileType = text.xml; path = misc.xml; sourceTree = "<group>"; };
		9DD3FAA52376D74A00DD4512 /* TDStretch.cpp */ = {isa = PBXFileReference; lastKnownFileType = sourcecode.cpp.cpp; path = TDStretch.cpp; sourceTree = "<group>"; };
		9DD3FAA62376D74A00DD4512 /* RateTransposer.cpp */ = {isa = PBXFileReference; lastKnownFileType = sourcecode.cpp.cpp; path = RateTransposer.cpp; sourceTree = "<group>"; };
		9DD3FAA72376D74A00DD4512 /* InterpolateShannon.cpp */ = {isa = PBXFileReference; lastKnownFileType = sourcecode.cpp.cpp; path = InterpolateShannon.cpp; sourceTree = "<group>"; };
		9DD3FAA82376D74A00DD4512 /* BPMDetect.cpp */ = {isa = PBXFileReference; lastKnownFileType = sourcecode.cpp.cpp; path = BPMDetect.cpp; sourceTree = "<group>"; };
		9DD3FAA92376D74A00DD4512 /* mmx_optimized.cpp */ = {isa = PBXFileReference; lastKnownFileType = sourcecode.cpp.cpp; path = mmx_optimized.cpp; sourceTree = "<group>"; };
		9DD3FAAA2376D74A00DD4512 /* InterpolateCubic.cpp */ = {isa = PBXFileReference; lastKnownFileType = sourcecode.cpp.cpp; path = InterpolateCubic.cpp; sourceTree = "<group>"; };
		9DD3FAAB2376D74A00DD4512 /* InterpolateLinear.cpp */ = {isa = PBXFileReference; lastKnownFileType = sourcecode.cpp.cpp; path = InterpolateLinear.cpp; sourceTree = "<group>"; };
		9DD3FAAC2376D74A00DD4512 /* FIRFilter.cpp */ = {isa = PBXFileReference; lastKnownFileType = sourcecode.cpp.cpp; path = FIRFilter.cpp; sourceTree = "<group>"; };
		9DD3FAAD2376D74A00DD4512 /* FIFOSampleBuffer.cpp */ = {isa = PBXFileReference; lastKnownFileType = sourcecode.cpp.cpp; path = FIFOSampleBuffer.cpp; sourceTree = "<group>"; };
		9DD3FAAE2376D74A00DD4512 /* sse_optimized.cpp */ = {isa = PBXFileReference; lastKnownFileType = sourcecode.cpp.cpp; path = sse_optimized.cpp; sourceTree = "<group>"; };
		9DD3FAAF2376D74A00DD4512 /* cpu_detect_x86.cpp */ = {isa = PBXFileReference; lastKnownFileType = sourcecode.cpp.cpp; path = cpu_detect_x86.cpp; sourceTree = "<group>"; };
		9DD3FAB02376D74A00DD4512 /* SoundTouch.dsp */ = {isa = PBXFileReference; lastKnownFileType = text; path = SoundTouch.dsp; sourceTree = "<group>"; };
		9DD3FAB12376D74A00DD4512 /* PeakFinder.cpp */ = {isa = PBXFileReference; lastKnownFileType = sourcecode.cpp.cpp; path = PeakFinder.cpp; sourceTree = "<group>"; };
		9DD3FAB22376D74A00DD4512 /* SoundTouchWrapper.cpp */ = {isa = PBXFileReference; lastKnownFileType = sourcecode.cpp.cpp; path = SoundTouchWrapper.cpp; sourceTree = "<group>"; };
		9DD3FAB32376D74A00DD4512 /* AAFilter.cpp */ = {isa = PBXFileReference; lastKnownFileType = sourcecode.cpp.cpp; path = AAFilter.cpp; sourceTree = "<group>"; };
		9DD3FAB42376D74A00DD4512 /* SoundTouch.cpp */ = {isa = PBXFileReference; lastKnownFileType = sourcecode.cpp.cpp; path = SoundTouch.cpp; sourceTree = "<group>"; };
		9DDB830F2372F22A00DA3F99 /* splayer_ios_birdge.h */ = {isa = PBXFileReference; fileEncoding = 4; lastKnownFileType = sourcecode.c.h; path = splayer_ios_birdge.h; sourceTree = "<group>"; };
		9DDB83132372F3E900DA3F99 /* module.modulemap */ = {isa = PBXFileReference; lastKnownFileType = "sourcecode.module-map"; path = module.modulemap; sourceTree = "<group>"; };
		9DDB831A2373166000DA3F99 /* module_birdge.h */ = {isa = PBXFileReference; lastKnownFileType = sourcecode.c.h; path = module_birdge.h; sourceTree = "<group>"; };
		9DE51FAE2371E5A0003B6CCC /* splayer_ios.framework */ = {isa = PBXFileReference; explicitFileType = wrapper.framework; includeInIndex = 0; path = splayer_ios.framework; sourceTree = BUILT_PRODUCTS_DIR; };
		9DE51FB12371E5A0003B6CCC /* splayer_ios.h */ = {isa = PBXFileReference; lastKnownFileType = sourcecode.c.h; path = splayer_ios.h; sourceTree = "<group>"; };
		9DE51FB22371E5A0003B6CCC /* Info.plist */ = {isa = PBXFileReference; lastKnownFileType = text.plist.xml; path = Info.plist; sourceTree = "<group>"; };
		9DE51FB72371E5A0003B6CCC /* splayer_iosTests.xctest */ = {isa = PBXFileReference; explicitFileType = wrapper.cfbundle; includeInIndex = 0; path = splayer_iosTests.xctest; sourceTree = BUILT_PRODUCTS_DIR; };
		9DE51FBC2371E5A0003B6CCC /* splayer_iosTests.swift */ = {isa = PBXFileReference; lastKnownFileType = sourcecode.swift; path = splayer_iosTests.swift; sourceTree = "<group>"; };
		9DE51FBE2371E5A0003B6CCC /* Info.plist */ = {isa = PBXFileReference; lastKnownFileType = text.plist.xml; path = Info.plist; sourceTree = "<group>"; };
		9DE51FD52371E611003B6CCC /* MediaPlayer.swift */ = {isa = PBXFileReference; lastKnownFileType = sourcecode.swift; path = MediaPlayer.swift; sourceTree = "<group>"; };
/* End PBXFileReference section */

/* Begin PBXFrameworksBuildPhase section */
		9DE51FAB2371E5A0003B6CCC /* Frameworks */ = {
			isa = PBXFrameworksBuildPhase;
			buildActionMask = 2147483647;
			files = (
			);
			runOnlyForDeploymentPostprocessing = 0;
		};
		9DE51FB42371E5A0003B6CCC /* Frameworks */ = {
			isa = PBXFrameworksBuildPhase;
			buildActionMask = 2147483647;
			files = (
			);
			runOnlyForDeploymentPostprocessing = 0;
		};
/* End PBXFrameworksBuildPhase section */

/* Begin PBXGroup section */
		9D89DE7023743E7200AB7B92 /* splayer_engine */ = {
			isa = PBXGroup;
			children = (
				9D89DE7123743E7200AB7B92 /* CMakeLists.txt */,
				9D89DE7223743E7200AB7B92 /* include */,
				9D89DE8F23743E7200AB7B92 /* .gitignore */,
				9D89DE9023743E7200AB7B92 /* doc */,
				9D89DE9323743E7200AB7B92 /* .idea */,
				9D89DE9B23743E7200AB7B92 /* src */,
			);
			name = splayer_engine;
			path = ../splayer_engine;
			sourceTree = "<group>";
		};
		9D89DE7223743E7200AB7B92 /* include */ = {
			isa = PBXGroup;
			children = (
				9D89DE7323743E7200AB7B92 /* FrameQueue.h */,
				9D89DE7423743E7200AB7B92 /* AudioDecoder.h */,
				9D89DE7523743E7200AB7B92 /* MediaPlayer.h */,
				9D89DE7623743E7200AB7B92 /* Condition.h */,
				9D89DE7723743E7200AB7B92 /* AudioDevice.h */,
				9D89DE7823743E7200AB7B92 /* PlayerStatus.h */,
				9D89DE7923743E7200AB7B92 /* MediaClock.h */,
				9D89DE7A23743E7200AB7B92 /* IMediaPlayer.h */,
				9D89DE7B23743E7200AB7B92 /* ISyncMediaPlayer.h */,
				9D89DE7C23743E7200AB7B92 /* Errors.h */,
				9D89DE7D23743E7200AB7B92 /* Stream.h */,
				9D89DE7E23743E7200AB7B92 /* IStreamListener.h */,
				9D89DE7F23743E7200AB7B92 /* VideoDecoder.h */,
				9D89DE8023743E7200AB7B92 /* PlayerInfoStatus.h */,
				9D89DE8123743E7200AB7B92 /* Msg.h */,
				9D89DE8223743E7200AB7B92 /* Thread.h */,
				9D89DE8323743E7200AB7B92 /* Log.h */,
				9D89DE8423743E7200AB7B92 /* VideoDevice.h */,
				9D89DE8523743E7200AB7B92 /* PacketQueue.h */,
				9D89DE8623743E7200AB7B92 /* IMessageListener.h */,
				9D89DE8723743E7200AB7B92 /* MessageQueue.h */,
				9D89DE8823743E7200AB7B92 /* MediaSync.h */,
				9D89DE8923743E7200AB7B92 /* Texture.h */,
				9D89DE8A23743E7200AB7B92 /* AudioResample.h */,
				9D89DE8B23743E7200AB7B92 /* FFmpegUtils.h */,
				9D89DE8C23743E7200AB7B92 /* Mutex.h */,
				9D89DE8D23743E7200AB7B92 /* MessageCenter.h */,
				9D89DE8E23743E7200AB7B92 /* MediaDecoder.h */,
			);
			path = include;
			sourceTree = "<group>";
		};
		9D89DE9023743E7200AB7B92 /* doc */ = {
			isa = PBXGroup;
			children = (
				9D89DE9123743E7200AB7B92 /* status.png */,
				9D89DE9223743E7200AB7B92 /* OpenSL_ES_Specification_1.0.1.pdf */,
			);
			path = doc;
			sourceTree = "<group>";
		};
		9D89DE9323743E7200AB7B92 /* .idea */ = {
			isa = PBXGroup;
			children = (
				9D89DE9423743E7200AB7B92 /* codeStyles */,
				9D89DE9623743E7200AB7B92 /* vcs.xml */,
				9D89DE9723743E7200AB7B92 /* workspace.xml */,
				9D89DE9823743E7200AB7B92 /* modules.xml */,
				9D89DE9923743E7200AB7B92 /* splayer_engine.iml */,
				9D89DE9A23743E7200AB7B92 /* misc.xml */,
			);
			path = .idea;
			sourceTree = "<group>";
		};
		9D89DE9423743E7200AB7B92 /* codeStyles */ = {
			isa = PBXGroup;
			children = (
				9D89DE9523743E7200AB7B92 /* Project.xml */,
			);
			path = codeStyles;
			sourceTree = "<group>";
		};
		9D89DE9B23743E7200AB7B92 /* src */ = {
			isa = PBXGroup;
			children = (
				9D89DE9C23743E7200AB7B92 /* VideoDevice.cpp */,
				9D89DE9D23743E7200AB7B92 /* Log.cpp */,
				9D89DE9E23743E7200AB7B92 /* MediaPlayer.cpp */,
				9D89DE9F23743E7200AB7B92 /* MediaSync.cpp */,
				9D89DEA023743E7200AB7B92 /* AudioDecoder.cpp */,
				9D89DEA123743E7200AB7B92 /* FFmpegUtils.cpp */,
				9D89DEA223743E7200AB7B92 /* PacketQueue.cpp */,
				9D89DEA323743E7200AB7B92 /* MessageQueue.cpp */,
				9D89DEA423743E7200AB7B92 /* MediaDecoder.cpp */,
				9D89DEA523743E7200AB7B92 /* MessageCenter.cpp */,
				9D89DEA623743E7200AB7B92 /* AudioResample.cpp */,
				9D89DEA723743E7200AB7B92 /* AudioDevice.cpp */,
				9D89DEA823743E7200AB7B92 /* Stream.cpp */,
				9D89DEA923743E7200AB7B92 /* FrameQueue.cpp */,
				9D89DEAA23743E7200AB7B92 /* PlayerInfoStatus.cpp */,
				9D89DEAB23743E7200AB7B92 /* MediaClock.cpp */,
				9D89DEAC23743E7200AB7B92 /* VideoDecoder.cpp */,
				9D89DEAD23743E7200AB7B92 /* Msg.cpp */,
			);
			path = src;
			sourceTree = "<group>";
		};
		9DD3F96B2376C7C000DD4512 /* Frameworks */ = {
			isa = PBXGroup;
			children = (
				9D161F402376F1E800C0EF74 /* libavdevice.a */,
				9DD3FA282376D2A300DD4512 /* libavcodec.a */,
				9DD3FA2D2376D2A300DD4512 /* libavfilter.a */,
				9DD3FA2A2376D2A300DD4512 /* libavformat.a */,
				9DD3FA2B2376D2A300DD4512 /* libavutil.a */,
				9DD3FA292376D2A300DD4512 /* libswresample.a */,
				9DD3FA2C2376D2A300DD4512 /* libswscale.a */,
			);
			name = Frameworks;
			sourceTree = "<group>";
		};
		9DD3FA882376D74A00DD4512 /* splayer_soundtouch */ = {
			isa = PBXGroup;
			children = (
				9DD3FA892376D74A00DD4512 /* CMakeLists.txt */,
				9DD3FA8A2376D74A00DD4512 /* include */,
				9DD3FA9B2376D74A00DD4512 /* .gitignore */,
				9DD3FA9C2376D74A00DD4512 /* .idea */,
				9DD3FAA42376D74A00DD4512 /* src */,
			);
			name = splayer_soundtouch;
			path = ../splayer_soundtouch;
			sourceTree = "<group>";
		};
		9DD3FA8A2376D74A00DD4512 /* include */ = {
			isa = PBXGroup;
			children = (
				9DD3FA8B2376D74A00DD4512 /* FIFOSampleBuffer.h */,
				9DD3FA8C2376D74A00DD4512 /* FIRFilter.h */,
				9DD3FA8D2376D74A00DD4512 /* STTypes.h */,
				9DD3FA8E2376D74A00DD4512 /* SoundTouchWrapper.h */,
				9DD3FA8F2376D74A00DD4512 /* BPMDetect.h */,
				9DD3FA902376D74A00DD4512 /* PeakFinder.h */,
				9DD3FA912376D74A00DD4512 /* SoundTouch.h */,
				9DD3FA922376D74A00DD4512 /* soundtouch_config.h */,
				9DD3FA932376D74A00DD4512 /* FIFOSamplePipe.h */,
				9DD3FA942376D74A00DD4512 /* AAFilter.h */,
				9DD3FA952376D74A00DD4512 /* InterpolateLinear.h */,
				9DD3FA962376D74A00DD4512 /* RateTransposer.h */,
				9DD3FA972376D74A00DD4512 /* TDStretch.h */,
				9DD3FA982376D74A00DD4512 /* InterpolateShannon.h */,
				9DD3FA992376D74A00DD4512 /* cpu_detect.h */,
				9DD3FA9A2376D74A00DD4512 /* InterpolateCubic.h */,
			);
			path = include;
			sourceTree = "<group>";
		};
		9DD3FA9C2376D74A00DD4512 /* .idea */ = {
			isa = PBXGroup;
			children = (
				9DD3FA9D2376D74A00DD4512 /* codeStyles */,
				9DD3FA9F2376D74A00DD4512 /* vcs.xml */,
				9DD3FAA02376D74A00DD4512 /* splayer_soundtouch.iml */,
				9DD3FAA12376D74A00DD4512 /* workspace.xml */,
				9DD3FAA22376D74A00DD4512 /* modules.xml */,
				9DD3FAA32376D74A00DD4512 /* misc.xml */,
			);
			path = .idea;
			sourceTree = "<group>";
		};
		9DD3FA9D2376D74A00DD4512 /* codeStyles */ = {
			isa = PBXGroup;
			children = (
				9DD3FA9E2376D74A00DD4512 /* Project.xml */,
			);
			path = codeStyles;
			sourceTree = "<group>";
		};
		9DD3FAA42376D74A00DD4512 /* src */ = {
			isa = PBXGroup;
			children = (
				9DD3FAA52376D74A00DD4512 /* TDStretch.cpp */,
				9DD3FAA62376D74A00DD4512 /* RateTransposer.cpp */,
				9DD3FAA72376D74A00DD4512 /* InterpolateShannon.cpp */,
				9DD3FAA82376D74A00DD4512 /* BPMDetect.cpp */,
				9DD3FAA92376D74A00DD4512 /* mmx_optimized.cpp */,
				9DD3FAAA2376D74A00DD4512 /* InterpolateCubic.cpp */,
				9DD3FAAB2376D74A00DD4512 /* InterpolateLinear.cpp */,
				9DD3FAAC2376D74A00DD4512 /* FIRFilter.cpp */,
				9DD3FAAD2376D74A00DD4512 /* FIFOSampleBuffer.cpp */,
				9DD3FAAE2376D74A00DD4512 /* sse_optimized.cpp */,
				9DD3FAAF2376D74A00DD4512 /* cpu_detect_x86.cpp */,
				9DD3FAB02376D74A00DD4512 /* SoundTouch.dsp */,
				9DD3FAB12376D74A00DD4512 /* PeakFinder.cpp */,
				9DD3FAB22376D74A00DD4512 /* SoundTouchWrapper.cpp */,
				9DD3FAB32376D74A00DD4512 /* AAFilter.cpp */,
				9DD3FAB42376D74A00DD4512 /* SoundTouch.cpp */,
			);
			path = src;
			sourceTree = "<group>";
		};
		9DDB8316237312D100DA3F99 /* swift */ = {
			isa = PBXGroup;
			children = (
				9DE51FD52371E611003B6CCC /* MediaPlayer.swift */,
			);
			path = swift;
			sourceTree = "<group>";
		};
		9DDB8317237312DA00DA3F99 /* native */ = {
			isa = PBXGroup;
			children = (
				9D439F6F237444C400A6C911 /* Person.cpp */,
				9D439F70237444C400A6C911 /* Person.hpp */,
			);
			path = native;
			sourceTree = "<group>";
		};
		9DDB8318237312DF00DA3F99 /* birdge */ = {
			isa = PBXGroup;
			children = (
				9DDB830F2372F22A00DA3F99 /* splayer_ios_birdge.h */,
				9DDB831A2373166000DA3F99 /* module_birdge.h */,
				9D439F752374466B00A6C911 /* splayer_ios_birdge_impl.cpp */,
				9D439F762374466B00A6C911 /* splayer_ios_birdge_impl.hpp */,
			);
			path = birdge;
			sourceTree = "<group>";
		};
		9DE51FA42371E5A0003B6CCC = {
			isa = PBXGroup;
			children = (
				9DD3FA882376D74A00DD4512 /* splayer_soundtouch */,
				9D89DE7023743E7200AB7B92 /* splayer_engine */,
				9DE51FB02371E5A0003B6CCC /* splayer_ios */,
				9DE51FBB2371E5A0003B6CCC /* splayer_iosTests */,
				9DE51FAF2371E5A0003B6CCC /* Products */,
				9DD3F96B2376C7C000DD4512 /* Frameworks */,
			);
			sourceTree = "<group>";
		};
		9DE51FAF2371E5A0003B6CCC /* Products */ = {
			isa = PBXGroup;
			children = (
				9DE51FAE2371E5A0003B6CCC /* splayer_ios.framework */,
				9DE51FB72371E5A0003B6CCC /* splayer_iosTests.xctest */,
			);
			name = Products;
			sourceTree = "<group>";
		};
		9DE51FB02371E5A0003B6CCC /* splayer_ios */ = {
			isa = PBXGroup;
			children = (
				9DDB83132372F3E900DA3F99 /* module.modulemap */,
				9DDB8318237312DF00DA3F99 /* birdge */,
				9DDB8317237312DA00DA3F99 /* native */,
				9DDB8316237312D100DA3F99 /* swift */,
				9DE51FB12371E5A0003B6CCC /* splayer_ios.h */,
				9DE51FB22371E5A0003B6CCC /* Info.plist */,
			);
			path = splayer_ios;
			sourceTree = "<group>";
		};
		9DE51FBB2371E5A0003B6CCC /* splayer_iosTests */ = {
			isa = PBXGroup;
			children = (
				9DE51FBC2371E5A0003B6CCC /* splayer_iosTests.swift */,
				9DE51FBE2371E5A0003B6CCC /* Info.plist */,
			);
			path = splayer_iosTests;
			sourceTree = "<group>";
		};
/* End PBXGroup section */

/* Begin PBXHeadersBuildPhase section */
		9DE51FA92371E5A0003B6CCC /* Headers */ = {
			isa = PBXHeadersBuildPhase;
			buildActionMask = 2147483647;
			files = (
				9DDB83102372F22A00DA3F99 /* splayer_ios_birdge.h in Headers */,
				9DE51FBF2371E5A0003B6CCC /* splayer_ios.h in Headers */,
				9DDB831B2373166000DA3F99 /* module_birdge.h in Headers */,
				9DD3F9812376C90100DD4512 /* Person.hpp in Headers */,
			);
			runOnlyForDeploymentPostprocessing = 0;
		};
/* End PBXHeadersBuildPhase section */

/* Begin PBXNativeTarget section */
		9DE51FAD2371E5A0003B6CCC /* splayer_ios */ = {
			isa = PBXNativeTarget;
			buildConfigurationList = 9DE51FC22371E5A0003B6CCC /* Build configuration list for PBXNativeTarget "splayer_ios" */;
			buildPhases = (
				9DE51FA92371E5A0003B6CCC /* Headers */,
				9DE51FAA2371E5A0003B6CCC /* Sources */,
				9DE51FAB2371E5A0003B6CCC /* Frameworks */,
				9DE51FAC2371E5A0003B6CCC /* Resources */,
			);
			buildRules = (
			);
			dependencies = (
			);
			name = splayer_ios;
			productName = splayer_ios;
			productReference = 9DE51FAE2371E5A0003B6CCC /* splayer_ios.framework */;
			productType = "com.apple.product-type.framework";
		};
		9DE51FB62371E5A0003B6CCC /* splayer_iosTests */ = {
			isa = PBXNativeTarget;
			buildConfigurationList = 9DE51FC52371E5A0003B6CCC /* Build configuration list for PBXNativeTarget "splayer_iosTests" */;
			buildPhases = (
				9DE51FB32371E5A0003B6CCC /* Sources */,
				9DE51FB42371E5A0003B6CCC /* Frameworks */,
				9DE51FB52371E5A0003B6CCC /* Resources */,
			);
			buildRules = (
			);
			dependencies = (
				9DE51FBA2371E5A0003B6CCC /* PBXTargetDependency */,
			);
			name = splayer_iosTests;
			productName = splayer_iosTests;
			productReference = 9DE51FB72371E5A0003B6CCC /* splayer_iosTests.xctest */;
			productType = "com.apple.product-type.bundle.unit-test";
		};
/* End PBXNativeTarget section */

/* Begin PBXProject section */
		9DE51FA52371E5A0003B6CCC /* Project object */ = {
			isa = PBXProject;
			attributes = {
				LastSwiftUpdateCheck = 1100;
				LastUpgradeCheck = 1100;
				ORGANIZATIONNAME = biezhihua;
				TargetAttributes = {
					9DE51FAD2371E5A0003B6CCC = {
						CreatedOnToolsVersion = 11.0;
						LastSwiftMigration = 1100;
					};
					9DE51FB62371E5A0003B6CCC = {
						CreatedOnToolsVersion = 11.0;
					};
				};
			};
			buildConfigurationList = 9DE51FA82371E5A0003B6CCC /* Build configuration list for PBXProject "splayer_ios" */;
			compatibilityVersion = "Xcode 9.3";
			developmentRegion = en;
			hasScannedForEncodings = 0;
			knownRegions = (
				en,
				Base,
			);
			mainGroup = 9DE51FA42371E5A0003B6CCC;
			productRefGroup = 9DE51FAF2371E5A0003B6CCC /* Products */;
			projectDirPath = "";
			projectRoot = "";
			targets = (
				9DE51FAD2371E5A0003B6CCC /* splayer_ios */,
				9DE51FB62371E5A0003B6CCC /* splayer_iosTests */,
			);
		};
/* End PBXProject section */

/* Begin PBXResourcesBuildPhase section */
		9DE51FAC2371E5A0003B6CCC /* Resources */ = {
			isa = PBXResourcesBuildPhase;
			buildActionMask = 2147483647;
			files = (
			);
			runOnlyForDeploymentPostprocessing = 0;
		};
		9DE51FB52371E5A0003B6CCC /* Resources */ = {
			isa = PBXResourcesBuildPhase;
			buildActionMask = 2147483647;
			files = (
			);
			runOnlyForDeploymentPostprocessing = 0;
		};
/* End PBXResourcesBuildPhase section */

/* Begin PBXSourcesBuildPhase section */
		9DE51FAA2371E5A0003B6CCC /* Sources */ = {
			isa = PBXSourcesBuildPhase;
			buildActionMask = 2147483647;
			files = (
				9D439F71237444C400A6C911 /* Person.cpp in Sources */,
				9D439F772374466B00A6C911 /* splayer_ios_birdge_impl.cpp in Sources */,
				9DE51FD62371E611003B6CCC /* MediaPlayer.swift in Sources */,
			);
			runOnlyForDeploymentPostprocessing = 0;
		};
		9DE51FB32371E5A0003B6CCC /* Sources */ = {
			isa = PBXSourcesBuildPhase;
			buildActionMask = 2147483647;
			files = (
				9DE51FBD2371E5A0003B6CCC /* splayer_iosTests.swift in Sources */,
			);
			runOnlyForDeploymentPostprocessing = 0;
		};
/* End PBXSourcesBuildPhase section */

/* Begin PBXTargetDependency section */
		9DE51FBA2371E5A0003B6CCC /* PBXTargetDependency */ = {
			isa = PBXTargetDependency;
			target = 9DE51FAD2371E5A0003B6CCC /* splayer_ios */;
			targetProxy = 9DE51FB92371E5A0003B6CCC /* PBXContainerItemProxy */;
		};
/* End PBXTargetDependency section */

/* Begin XCBuildConfiguration section */
		9DE51FC02371E5A0003B6CCC /* Debug */ = {
			isa = XCBuildConfiguration;
			buildSettings = {
				ALWAYS_SEARCH_USER_PATHS = NO;
				CLANG_ANALYZER_NONNULL = YES;
				CLANG_ANALYZER_NUMBER_OBJECT_CONVERSION = YES_AGGRESSIVE;
				CLANG_CXX_LANGUAGE_STANDARD = "gnu++14";
				CLANG_CXX_LIBRARY = "libc++";
				CLANG_ENABLE_MODULES = YES;
				CLANG_ENABLE_OBJC_ARC = YES;
				CLANG_ENABLE_OBJC_WEAK = YES;
				CLANG_WARN_BLOCK_CAPTURE_AUTORELEASING = YES;
				CLANG_WARN_BOOL_CONVERSION = YES;
				CLANG_WARN_COMMA = YES;
				CLANG_WARN_CONSTANT_CONVERSION = YES;
				CLANG_WARN_DEPRECATED_OBJC_IMPLEMENTATIONS = YES;
				CLANG_WARN_DIRECT_OBJC_ISA_USAGE = YES_ERROR;
				CLANG_WARN_DOCUMENTATION_COMMENTS = YES;
				CLANG_WARN_EMPTY_BODY = YES;
				CLANG_WARN_ENUM_CONVERSION = YES;
				CLANG_WARN_INFINITE_RECURSION = YES;
				CLANG_WARN_INT_CONVERSION = YES;
				CLANG_WARN_NON_LITERAL_NULL_CONVERSION = YES;
				CLANG_WARN_OBJC_IMPLICIT_RETAIN_SELF = YES;
				CLANG_WARN_OBJC_LITERAL_CONVERSION = YES;
				CLANG_WARN_OBJC_ROOT_CLASS = YES_ERROR;
				CLANG_WARN_RANGE_LOOP_ANALYSIS = YES;
				CLANG_WARN_STRICT_PROTOTYPES = YES;
				CLANG_WARN_SUSPICIOUS_MOVE = YES;
				CLANG_WARN_UNGUARDED_AVAILABILITY = YES_AGGRESSIVE;
				CLANG_WARN_UNREACHABLE_CODE = YES;
				CLANG_WARN__DUPLICATE_METHOD_MATCH = YES;
				COPY_PHASE_STRIP = NO;
				CURRENT_PROJECT_VERSION = 1;
				DEBUG_INFORMATION_FORMAT = dwarf;
				ENABLE_STRICT_OBJC_MSGSEND = YES;
				ENABLE_TESTABILITY = YES;
				GCC_C_LANGUAGE_STANDARD = gnu11;
				GCC_DYNAMIC_NO_PIC = NO;
				GCC_NO_COMMON_BLOCKS = YES;
				GCC_OPTIMIZATION_LEVEL = 0;
				GCC_PREPROCESSOR_DEFINITIONS = (
					"DEBUG=1",
					"$(inherited)",
				);
				GCC_WARN_64_TO_32_BIT_CONVERSION = YES;
				GCC_WARN_ABOUT_RETURN_TYPE = YES_ERROR;
				GCC_WARN_UNDECLARED_SELECTOR = YES;
				GCC_WARN_UNINITIALIZED_AUTOS = YES_AGGRESSIVE;
				GCC_WARN_UNUSED_FUNCTION = YES;
				GCC_WARN_UNUSED_VARIABLE = YES;
				IPHONEOS_DEPLOYMENT_TARGET = 10.0;
				MTL_ENABLE_DEBUG_INFO = INCLUDE_SOURCE;
				MTL_FAST_MATH = YES;
				ONLY_ACTIVE_ARCH = YES;
				SDKROOT = iphoneos;
				SWIFT_ACTIVE_COMPILATION_CONDITIONS = DEBUG;
				SWIFT_INCLUDE_PATHS = "";
				"SWIFT_INCLUDE_PATHS[arch=*]" = "${SRCROOT} ${SRCROOT}/birdge";
				SWIFT_OPTIMIZATION_LEVEL = "-Onone";
				VERSIONING_SYSTEM = "apple-generic";
				VERSION_INFO_PREFIX = "";
			};
			name = Debug;
		};
		9DE51FC12371E5A0003B6CCC /* Release */ = {
			isa = XCBuildConfiguration;
			buildSettings = {
				ALWAYS_SEARCH_USER_PATHS = NO;
				CLANG_ANALYZER_NONNULL = YES;
				CLANG_ANALYZER_NUMBER_OBJECT_CONVERSION = YES_AGGRESSIVE;
				CLANG_CXX_LANGUAGE_STANDARD = "gnu++14";
				CLANG_CXX_LIBRARY = "libc++";
				CLANG_ENABLE_MODULES = YES;
				CLANG_ENABLE_OBJC_ARC = YES;
				CLANG_ENABLE_OBJC_WEAK = YES;
				CLANG_WARN_BLOCK_CAPTURE_AUTORELEASING = YES;
				CLANG_WARN_BOOL_CONVERSION = YES;
				CLANG_WARN_COMMA = YES;
				CLANG_WARN_CONSTANT_CONVERSION = YES;
				CLANG_WARN_DEPRECATED_OBJC_IMPLEMENTATIONS = YES;
				CLANG_WARN_DIRECT_OBJC_ISA_USAGE = YES_ERROR;
				CLANG_WARN_DOCUMENTATION_COMMENTS = YES;
				CLANG_WARN_EMPTY_BODY = YES;
				CLANG_WARN_ENUM_CONVERSION = YES;
				CLANG_WARN_INFINITE_RECURSION = YES;
				CLANG_WARN_INT_CONVERSION = YES;
				CLANG_WARN_NON_LITERAL_NULL_CONVERSION = YES;
				CLANG_WARN_OBJC_IMPLICIT_RETAIN_SELF = YES;
				CLANG_WARN_OBJC_LITERAL_CONVERSION = YES;
				CLANG_WARN_OBJC_ROOT_CLASS = YES_ERROR;
				CLANG_WARN_RANGE_LOOP_ANALYSIS = YES;
				CLANG_WARN_STRICT_PROTOTYPES = YES;
				CLANG_WARN_SUSPICIOUS_MOVE = YES;
				CLANG_WARN_UNGUARDED_AVAILABILITY = YES_AGGRESSIVE;
				CLANG_WARN_UNREACHABLE_CODE = YES;
				CLANG_WARN__DUPLICATE_METHOD_MATCH = YES;
				COPY_PHASE_STRIP = NO;
				CURRENT_PROJECT_VERSION = 1;
				DEBUG_INFORMATION_FORMAT = "dwarf-with-dsym";
				ENABLE_NS_ASSERTIONS = NO;
				ENABLE_STRICT_OBJC_MSGSEND = YES;
				GCC_C_LANGUAGE_STANDARD = gnu11;
				GCC_NO_COMMON_BLOCKS = YES;
				GCC_WARN_64_TO_32_BIT_CONVERSION = YES;
				GCC_WARN_ABOUT_RETURN_TYPE = YES_ERROR;
				GCC_WARN_UNDECLARED_SELECTOR = YES;
				GCC_WARN_UNINITIALIZED_AUTOS = YES_AGGRESSIVE;
				GCC_WARN_UNUSED_FUNCTION = YES;
				GCC_WARN_UNUSED_VARIABLE = YES;
				IPHONEOS_DEPLOYMENT_TARGET = 10.0;
				MTL_ENABLE_DEBUG_INFO = NO;
				MTL_FAST_MATH = YES;
				SDKROOT = iphoneos;
				SWIFT_COMPILATION_MODE = wholemodule;
				SWIFT_INCLUDE_PATHS = "";
				SWIFT_OPTIMIZATION_LEVEL = "-O";
				VALIDATE_PRODUCT = YES;
				VERSIONING_SYSTEM = "apple-generic";
				VERSION_INFO_PREFIX = "";
			};
			name = Release;
		};
		9DE51FC32371E5A0003B6CCC /* Debug */ = {
			isa = XCBuildConfiguration;
			buildSettings = {
				CLANG_ENABLE_MODULES = YES;
				CODE_SIGN_STYLE = Automatic;
				CURRENT_PROJECT_VERSION = 0.0.1;
				DEFINES_MODULE = YES;
				DEVELOPMENT_TEAM = TNX2PP585H;
				DYLIB_COMPATIBILITY_VERSION = 1;
				DYLIB_CURRENT_VERSION = 1;
				DYLIB_INSTALL_NAME_BASE = "@rpath";
				HEADER_SEARCH_PATHS = "\"$(SRCROOT)/../distribution/ios/ffmpeg/include\"";
				INFOPLIST_FILE = splayer_ios/Info.plist;
				INSTALL_PATH = "$(LOCAL_LIBRARY_DIR)/Frameworks";
				LD_RUNPATH_SEARCH_PATHS = (
					"$(inherited)",
					"@executable_path/Frameworks",
					"@loader_path/Frameworks",
				);
				LIBRARY_SEARCH_PATHS = "\"$(SRCROOT)/../distribution/ios/ffmpeg/lib\"";
				ONLY_ACTIVE_ARCH = YES;
				PRODUCT_BUNDLE_IDENTIFIER = com.bzh.splayer;
				PRODUCT_NAME = "$(TARGET_NAME:c99extidentifier)";
				SKIP_INSTALL = YES;
				SUPPORTS_MACCATALYST = NO;
				SWIFT_OPTIMIZATION_LEVEL = "-Onone";
				SWIFT_VERSION = 5.0;
				TARGETED_DEVICE_FAMILY = 1;
				VALID_ARCHS = "armv7s armv7 arm64e arm64";
			};
			name = Debug;
		};
		9DE51FC42371E5A0003B6CCC /* Release */ = {
			isa = XCBuildConfiguration;
			buildSettings = {
				CLANG_ENABLE_MODULES = YES;
				CODE_SIGN_STYLE = Automatic;
				CURRENT_PROJECT_VERSION = 0.0.1;
				DEFINES_MODULE = YES;
				DEVELOPMENT_TEAM = TNX2PP585H;
				DYLIB_COMPATIBILITY_VERSION = 1;
				DYLIB_CURRENT_VERSION = 1;
				DYLIB_INSTALL_NAME_BASE = "@rpath";
				HEADER_SEARCH_PATHS = "\"$(SRCROOT)/../distribution/ios/ffmpeg/include\"";
				INFOPLIST_FILE = splayer_ios/Info.plist;
				INSTALL_PATH = "$(LOCAL_LIBRARY_DIR)/Frameworks";
				LD_RUNPATH_SEARCH_PATHS = (
					"$(inherited)",
					"@executable_path/Frameworks",
					"@loader_path/Frameworks",
				);
				LIBRARY_SEARCH_PATHS = "\"$(SRCROOT)/../distribution/ios/ffmpeg/lib\"";
				ONLY_ACTIVE_ARCH = NO;
				PRODUCT_BUNDLE_IDENTIFIER = com.bzh.splayer;
				PRODUCT_NAME = "$(TARGET_NAME:c99extidentifier)";
				SKIP_INSTALL = YES;
				SUPPORTS_MACCATALYST = NO;
				SWIFT_VERSION = 5.0;
				TARGETED_DEVICE_FAMILY = 1;
				VALID_ARCHS = "armv7s armv7 arm64e arm64";
			};
			name = Release;
		};
		9DE51FC62371E5A0003B6CCC /* Debug */ = {
			isa = XCBuildConfiguration;
			buildSettings = {
				ALWAYS_EMBED_SWIFT_STANDARD_LIBRARIES = YES;
				CODE_SIGN_STYLE = Automatic;
				DEVELOPMENT_TEAM = TNX2PP585H;
				INFOPLIST_FILE = splayer_iosTests/Info.plist;
				LD_RUNPATH_SEARCH_PATHS = (
					"$(inherited)",
					"@executable_path/Frameworks",
					"@loader_path/Frameworks",
				);
				PRODUCT_BUNDLE_IDENTIFIER = "com.bzh.splayer-iosTests";
				PRODUCT_NAME = "$(TARGET_NAME)";
				SWIFT_VERSION = 5.0;
				TARGETED_DEVICE_FAMILY = "1,2";
			};
			name = Debug;
		};
		9DE51FC72371E5A0003B6CCC /* Release */ = {
			isa = XCBuildConfiguration;
			buildSettings = {
				ALWAYS_EMBED_SWIFT_STANDARD_LIBRARIES = YES;
				CODE_SIGN_STYLE = Automatic;
				DEVELOPMENT_TEAM = TNX2PP585H;
				INFOPLIST_FILE = splayer_iosTests/Info.plist;
				LD_RUNPATH_SEARCH_PATHS = (
					"$(inherited)",
					"@executable_path/Frameworks",
					"@loader_path/Frameworks",
				);
				PRODUCT_BUNDLE_IDENTIFIER = "com.bzh.splayer-iosTests";
				PRODUCT_NAME = "$(TARGET_NAME)";
				SWIFT_VERSION = 5.0;
				TARGETED_DEVICE_FAMILY = "1,2";
			};
			name = Release;
		};
/* End XCBuildConfiguration section */

/* Begin XCConfigurationList section */
		9DE51FA82371E5A0003B6CCC /* Build configuration list for PBXProject "splayer_ios" */ = {
			isa = XCConfigurationList;
			buildConfigurations = (
				9DE51FC02371E5A0003B6CCC /* Debug */,
				9DE51FC12371E5A0003B6CCC /* Release */,
			);
			defaultConfigurationIsVisible = 0;
			defaultConfigurationName = Release;
		};
		9DE51FC22371E5A0003B6CCC /* Build configuration list for PBXNativeTarget "splayer_ios" */ = {
			isa = XCConfigurationList;
			buildConfigurations = (
				9DE51FC32371E5A0003B6CCC /* Debug */,
				9DE51FC42371E5A0003B6CCC /* Release */,
			);
			defaultConfigurationIsVisible = 0;
			defaultConfigurationName = Release;
		};
		9DE51FC52371E5A0003B6CCC /* Build configuration list for PBXNativeTarget "splayer_iosTests" */ = {
			isa = XCConfigurationList;
			buildConfigurations = (
				9DE51FC62371E5A0003B6CCC /* Debug */,
				9DE51FC72371E5A0003B6CCC /* Release */,
			);
			defaultConfigurationIsVisible = 0;
			defaultConfigurationName = Release;
		};
/* End XCConfigurationList section */
	};
	rootObject = 9DE51FA52371E5A0003B6CCC /* Project object */;
}
