<?xml version="1.0" encoding="UTF-8"?>
<CodeBlocks_project_file>
	<FileVersion major="1" minor="6"/>
	<Project>
		<Option title="splayer_core"/>
		<Option makefile_is_custom="1"/>
		<Option compiler="gcc"/>
		<Option virtualFolders="CMake Files\;"/>
		<Build>
			<Target title="all">
				<Option working_dir="/Users/biezhihua/StudySpace/SPlayer/splayer"/>
				<Option type="4"/>
				<MakeCommands>
					<Build command="/usr/bin/make -f &quot;/Users/biezhihua/StudySpace/SPlayer/splayer/Makefile&quot;  VERBOSE=1 all"/>
					<CompileFile command="/usr/bin/make -f &quot;/Users/biezhihua/StudySpace/SPlayer/splayer/Makefile&quot;  VERBOSE=1 &quot;$file&quot;"/>
					<Clean command="/usr/bin/make -f &quot;/Users/biezhihua/StudySpace/SPlayer/splayer/Makefile&quot;  VERBOSE=1 clean"/>
					<DistClean command="/usr/bin/make -f &quot;/Users/biezhihua/StudySpace/SPlayer/splayer/Makefile&quot;  VERBOSE=1 clean"/>
				</MakeCommands>
			</Target>
			<Target title="rebuild_cache">
				<Option working_dir="/Users/biezhihua/StudySpace/SPlayer/splayer"/>
				<Option type="4"/>
				<MakeCommands>
					<Build command="/usr/bin/make -f &quot;/Users/biezhihua/StudySpace/SPlayer/splayer/Makefile&quot;  VERBOSE=1 rebuild_cache"/>
					<CompileFile command="/usr/bin/make -f &quot;/Users/biezhihua/StudySpace/SPlayer/splayer/Makefile&quot;  VERBOSE=1 &quot;$file&quot;"/>
					<Clean command="/usr/bin/make -f &quot;/Users/biezhihua/StudySpace/SPlayer/splayer/Makefile&quot;  VERBOSE=1 clean"/>
					<DistClean command="/usr/bin/make -f &quot;/Users/biezhihua/StudySpace/SPlayer/splayer/Makefile&quot;  VERBOSE=1 clean"/>
				</MakeCommands>
			</Target>
			<Target title="edit_cache">
				<Option working_dir="/Users/biezhihua/StudySpace/SPlayer/splayer"/>
				<Option type="4"/>
				<MakeCommands>
					<Build command="/usr/bin/make -f &quot;/Users/biezhihua/StudySpace/SPlayer/splayer/Makefile&quot;  VERBOSE=1 edit_cache"/>
					<CompileFile command="/usr/bin/make -f &quot;/Users/biezhihua/StudySpace/SPlayer/splayer/Makefile&quot;  VERBOSE=1 &quot;$file&quot;"/>
					<Clean command="/usr/bin/make -f &quot;/Users/biezhihua/StudySpace/SPlayer/splayer/Makefile&quot;  VERBOSE=1 clean"/>
					<DistClean command="/usr/bin/make -f &quot;/Users/biezhihua/StudySpace/SPlayer/splayer/Makefile&quot;  VERBOSE=1 clean"/>
				</MakeCommands>
			</Target>
			<Target title="splayer_core">
				<Option output="/Users/biezhihua/StudySpace/SPlayer/splayer/libsplayer_core.a" prefix_auto="0" extension_auto="0"/>
				<Option working_dir="/Users/biezhihua/StudySpace/SPlayer/splayer"/>
				<Option object_output="./"/>
				<Option type="2"/>
				<Option compiler="gcc"/>
				<Compiler>
					<Add directory="/Users/biezhihua/StudySpace/splayer/splayer/include"/>
					<Add directory="/Users/biezhihua/StudySpace/splayer/splayer/../distribution/ffmpeg/include"/>
					<Add directory="/Users/biezhihua/StudySpace/splayer/splayer/src"/>
					<Add directory="/Users/biezhihua/StudySpace/splayer/splayer/extra_soundtouch"/>
				</Compiler>
				<MakeCommands>
					<Build command="/usr/bin/make -f &quot;/Users/biezhihua/StudySpace/SPlayer/splayer/Makefile&quot;  VERBOSE=1 splayer_core"/>
					<CompileFile command="/usr/bin/make -f &quot;/Users/biezhihua/StudySpace/SPlayer/splayer/Makefile&quot;  VERBOSE=1 &quot;$file&quot;"/>
					<Clean command="/usr/bin/make -f &quot;/Users/biezhihua/StudySpace/SPlayer/splayer/Makefile&quot;  VERBOSE=1 clean"/>
					<DistClean command="/usr/bin/make -f &quot;/Users/biezhihua/StudySpace/SPlayer/splayer/Makefile&quot;  VERBOSE=1 clean"/>
				</MakeCommands>
			</Target>
			<Target title="splayer_core/fast">
				<Option output="/Users/biezhihua/StudySpace/SPlayer/splayer/libsplayer_core.a" prefix_auto="0" extension_auto="0"/>
				<Option working_dir="/Users/biezhihua/StudySpace/SPlayer/splayer"/>
				<Option object_output="./"/>
				<Option type="2"/>
				<Option compiler="gcc"/>
				<Compiler>
					<Add directory="/Users/biezhihua/StudySpace/splayer/splayer/include"/>
					<Add directory="/Users/biezhihua/StudySpace/splayer/splayer/../distribution/ffmpeg/include"/>
					<Add directory="/Users/biezhihua/StudySpace/splayer/splayer/src"/>
					<Add directory="/Users/biezhihua/StudySpace/splayer/splayer/extra_soundtouch"/>
				</Compiler>
				<MakeCommands>
					<Build command="/usr/bin/make -f &quot;/Users/biezhihua/StudySpace/SPlayer/splayer/Makefile&quot;  VERBOSE=1 splayer_core/fast"/>
					<CompileFile command="/usr/bin/make -f &quot;/Users/biezhihua/StudySpace/SPlayer/splayer/Makefile&quot;  VERBOSE=1 &quot;$file&quot;"/>
					<Clean command="/usr/bin/make -f &quot;/Users/biezhihua/StudySpace/SPlayer/splayer/Makefile&quot;  VERBOSE=1 clean"/>
					<DistClean command="/usr/bin/make -f &quot;/Users/biezhihua/StudySpace/SPlayer/splayer/Makefile&quot;  VERBOSE=1 clean"/>
				</MakeCommands>
			</Target>
		</Build>
		<Unit filename="/Users/biezhihua/StudySpace/splayer/splayer/extra/soundtouch/AAFilter.cpp">
			<Option target="splayer_core"/>
		</Unit>
		<Unit filename="/Users/biezhihua/StudySpace/splayer/splayer/extra/soundtouch/AAFilter.h">
			<Option target="splayer_core"/>
		</Unit>
		<Unit filename="/Users/biezhihua/StudySpace/splayer/splayer/extra/soundtouch/BPMDetect.cpp">
			<Option target="splayer_core"/>
		</Unit>
		<Unit filename="/Users/biezhihua/StudySpace/splayer/splayer/extra/soundtouch/BPMDetect.h">
			<Option target="splayer_core"/>
		</Unit>
		<Unit filename="/Users/biezhihua/StudySpace/splayer/splayer/extra/soundtouch/FIFOSampleBuffer.cpp">
			<Option target="splayer_core"/>
		</Unit>
		<Unit filename="/Users/biezhihua/StudySpace/splayer/splayer/extra/soundtouch/FIFOSampleBuffer.h">
			<Option target="splayer_core"/>
		</Unit>
		<Unit filename="/Users/biezhihua/StudySpace/splayer/splayer/extra/soundtouch/FIRFilter.cpp">
			<Option target="splayer_core"/>
		</Unit>
		<Unit filename="/Users/biezhihua/StudySpace/splayer/splayer/extra/soundtouch/FIRFilter.h">
			<Option target="splayer_core"/>
		</Unit>
		<Unit filename="/Users/biezhihua/StudySpace/splayer/splayer/extra/soundtouch/InterpolateCubic.cpp">
			<Option target="splayer_core"/>
		</Unit>
		<Unit filename="/Users/biezhihua/StudySpace/splayer/splayer/extra/soundtouch/InterpolateCubic.h">
			<Option target="splayer_core"/>
		</Unit>
		<Unit filename="/Users/biezhihua/StudySpace/splayer/splayer/extra/soundtouch/InterpolateLinear.cpp">
			<Option target="splayer_core"/>
		</Unit>
		<Unit filename="/Users/biezhihua/StudySpace/splayer/splayer/extra/soundtouch/InterpolateLinear.h">
			<Option target="splayer_core"/>
		</Unit>
		<Unit filename="/Users/biezhihua/StudySpace/splayer/splayer/extra/soundtouch/InterpolateShannon.cpp">
			<Option target="splayer_core"/>
		</Unit>
		<Unit filename="/Users/biezhihua/StudySpace/splayer/splayer/extra/soundtouch/InterpolateShannon.h">
			<Option target="splayer_core"/>
		</Unit>
		<Unit filename="/Users/biezhihua/StudySpace/splayer/splayer/extra/soundtouch/PeakFinder.cpp">
			<Option target="splayer_core"/>
		</Unit>
		<Unit filename="/Users/biezhihua/StudySpace/splayer/splayer/extra/soundtouch/PeakFinder.h">
			<Option target="splayer_core"/>
		</Unit>
		<Unit filename="/Users/biezhihua/StudySpace/splayer/splayer/extra/soundtouch/RateTransposer.cpp">
			<Option target="splayer_core"/>
		</Unit>
		<Unit filename="/Users/biezhihua/StudySpace/splayer/splayer/extra/soundtouch/RateTransposer.h">
			<Option target="splayer_core"/>
		</Unit>
		<Unit filename="/Users/biezhihua/StudySpace/splayer/splayer/extra/soundtouch/SoundTouch.cpp">
			<Option target="splayer_core"/>
		</Unit>
		<Unit filename="/Users/biezhihua/StudySpace/splayer/splayer/extra/soundtouch/SoundTouch.h">
			<Option target="splayer_core"/>
		</Unit>
		<Unit filename="/Users/biezhihua/StudySpace/splayer/splayer/extra/soundtouch/TDStretch.cpp">
			<Option target="splayer_core"/>
		</Unit>
		<Unit filename="/Users/biezhihua/StudySpace/splayer/splayer/extra/soundtouch/TDStretch.h">
			<Option target="splayer_core"/>
		</Unit>
		<Unit filename="/Users/biezhihua/StudySpace/splayer/splayer/extra/soundtouch/cpu_detect_x86.cpp">
			<Option target="splayer_core"/>
		</Unit>
		<Unit filename="/Users/biezhihua/StudySpace/splayer/splayer/extra/soundtouch/mmx_optimized.cpp">
			<Option target="splayer_core"/>
		</Unit>
		<Unit filename="/Users/biezhihua/StudySpace/splayer/splayer/extra/soundtouch/sse_optimized.cpp">
			<Option target="splayer_core"/>
		</Unit>
		<Unit filename="/Users/biezhihua/StudySpace/splayer/splayer/include/ErrorNo.h">
			<Option target="splayer_core"/>
		</Unit>
		<Unit filename="/Users/biezhihua/StudySpace/splayer/splayer/src/AOut.cpp">
			<Option target="splayer_core"/>
		</Unit>
		<Unit filename="/Users/biezhihua/StudySpace/splayer/splayer/src/FFPlay.cpp">
			<Option target="splayer_core"/>
		</Unit>
		<Unit filename="/Users/biezhihua/StudySpace/splayer/splayer/src/MediaPlayer.cpp">
			<Option target="splayer_core"/>
		</Unit>
		<Unit filename="/Users/biezhihua/StudySpace/splayer/splayer/src/Message.cpp">
			<Option target="splayer_core"/>
		</Unit>
		<Unit filename="/Users/biezhihua/StudySpace/splayer/splayer/src/MessageQueue.cpp">
			<Option target="splayer_core"/>
		</Unit>
		<Unit filename="/Users/biezhihua/StudySpace/splayer/splayer/src/Mutex.cpp">
			<Option target="splayer_core"/>
		</Unit>
		<Unit filename="/Users/biezhihua/StudySpace/splayer/splayer/src/Pipeline.cpp">
			<Option target="splayer_core"/>
		</Unit>
		<Unit filename="/Users/biezhihua/StudySpace/splayer/splayer/src/PipelineNode.cpp">
			<Option target="splayer_core"/>
		</Unit>
		<Unit filename="/Users/biezhihua/StudySpace/splayer/splayer/src/PipelineOpaque.cpp">
			<Option target="splayer_core"/>
		</Unit>
		<Unit filename="/Users/biezhihua/StudySpace/splayer/splayer/src/RefCount.cpp">
			<Option target="splayer_core"/>
		</Unit>
		<Unit filename="/Users/biezhihua/StudySpace/splayer/splayer/src/State.cpp">
			<Option target="splayer_core"/>
		</Unit>
		<Unit filename="/Users/biezhihua/StudySpace/splayer/splayer/src/Thread.cpp">
			<Option target="splayer_core"/>
		</Unit>
		<Unit filename="/Users/biezhihua/StudySpace/splayer/splayer/src/VOut.cpp">
			<Option target="splayer_core"/>
		</Unit>
		<Unit filename="/Users/biezhihua/StudySpace/splayer/splayer/src/VOutOpaque.cpp">
			<Option target="splayer_core"/>
		</Unit>
		<Unit filename="/Users/biezhihua/StudySpace/splayer/splayer/src/VOutOverlay.cpp">
			<Option target="splayer_core"/>
		</Unit>
		<Unit filename="/Users/biezhihua/StudySpace/splayer/splayer/src/VOutOverlayOpaque.cpp">
			<Option target="splayer_core"/>
		</Unit>
		<Unit filename="/Users/biezhihua/StudySpace/splayer/splayer/CMakeLists.txt">
			<Option virtualFolder="CMake Files\"/>
		</Unit>
	</Project>
</CodeBlocks_project_file>
