<?xml version="1.0" encoding="UTF-8"?>
<CodeBlocks_project_file>
	<FileVersion major="1" minor="6"/>
	<Project>
		<Option title="splayer_command"/>
		<Option makefile_is_custom="1"/>
		<Option compiler="gcc"/>
		<Option virtualFolders="CMake Files\;CMake Files\..\;CMake Files\..\splayer_core\;"/>
		<Build>
			<Target title="all">
				<Option working_dir="/Users/biezhihua/StudySpace/SPlayer/splayer_command"/>
				<Option type="4"/>
				<MakeCommands>
					<Build command="/usr/bin/make -f &quot;/Users/biezhihua/StudySpace/SPlayer/splayer_command/Makefile&quot;  VERBOSE=1 all"/>
					<CompileFile command="/usr/bin/make -f &quot;/Users/biezhihua/StudySpace/SPlayer/splayer_command/Makefile&quot;  VERBOSE=1 &quot;$file&quot;"/>
					<Clean command="/usr/bin/make -f &quot;/Users/biezhihua/StudySpace/SPlayer/splayer_command/Makefile&quot;  VERBOSE=1 clean"/>
					<DistClean command="/usr/bin/make -f &quot;/Users/biezhihua/StudySpace/SPlayer/splayer_command/Makefile&quot;  VERBOSE=1 clean"/>
				</MakeCommands>
			</Target>
			<Target title="rebuild_cache">
				<Option working_dir="/Users/biezhihua/StudySpace/SPlayer/splayer_command"/>
				<Option type="4"/>
				<MakeCommands>
					<Build command="/usr/bin/make -f &quot;/Users/biezhihua/StudySpace/SPlayer/splayer_command/Makefile&quot;  VERBOSE=1 rebuild_cache"/>
					<CompileFile command="/usr/bin/make -f &quot;/Users/biezhihua/StudySpace/SPlayer/splayer_command/Makefile&quot;  VERBOSE=1 &quot;$file&quot;"/>
					<Clean command="/usr/bin/make -f &quot;/Users/biezhihua/StudySpace/SPlayer/splayer_command/Makefile&quot;  VERBOSE=1 clean"/>
					<DistClean command="/usr/bin/make -f &quot;/Users/biezhihua/StudySpace/SPlayer/splayer_command/Makefile&quot;  VERBOSE=1 clean"/>
				</MakeCommands>
			</Target>
			<Target title="edit_cache">
				<Option working_dir="/Users/biezhihua/StudySpace/SPlayer/splayer_command"/>
				<Option type="4"/>
				<MakeCommands>
					<Build command="/usr/bin/make -f &quot;/Users/biezhihua/StudySpace/SPlayer/splayer_command/Makefile&quot;  VERBOSE=1 edit_cache"/>
					<CompileFile command="/usr/bin/make -f &quot;/Users/biezhihua/StudySpace/SPlayer/splayer_command/Makefile&quot;  VERBOSE=1 &quot;$file&quot;"/>
					<Clean command="/usr/bin/make -f &quot;/Users/biezhihua/StudySpace/SPlayer/splayer_command/Makefile&quot;  VERBOSE=1 clean"/>
					<DistClean command="/usr/bin/make -f &quot;/Users/biezhihua/StudySpace/SPlayer/splayer_command/Makefile&quot;  VERBOSE=1 clean"/>
				</MakeCommands>
			</Target>
			<Target title="splayer_command">
				<Option output="/Users/biezhihua/StudySpace/SPlayer/splayer_command/splayer_command" prefix_auto="0" extension_auto="0"/>
				<Option working_dir="/Users/biezhihua/StudySpace/SPlayer/splayer_command"/>
				<Option object_output="./"/>
				<Option type="1"/>
				<Option compiler="gcc"/>
				<Compiler>
					<Add directory="/Users/biezhihua/StudySpace/SPlayer/splayer_command/../distribution/mac/ffmpeg/include"/>
					<Add directory="/Users/biezhihua/StudySpace/SPlayer/splayer_command/../splayer_core/include"/>
				</Compiler>
				<MakeCommands>
					<Build command="/usr/bin/make -f &quot;/Users/biezhihua/StudySpace/SPlayer/splayer_command/Makefile&quot;  VERBOSE=1 splayer_command"/>
					<CompileFile command="/usr/bin/make -f &quot;/Users/biezhihua/StudySpace/SPlayer/splayer_command/Makefile&quot;  VERBOSE=1 &quot;$file&quot;"/>
					<Clean command="/usr/bin/make -f &quot;/Users/biezhihua/StudySpace/SPlayer/splayer_command/Makefile&quot;  VERBOSE=1 clean"/>
					<DistClean command="/usr/bin/make -f &quot;/Users/biezhihua/StudySpace/SPlayer/splayer_command/Makefile&quot;  VERBOSE=1 clean"/>
				</MakeCommands>
			</Target>
			<Target title="splayer_command/fast">
				<Option output="/Users/biezhihua/StudySpace/SPlayer/splayer_command/splayer_command" prefix_auto="0" extension_auto="0"/>
				<Option working_dir="/Users/biezhihua/StudySpace/SPlayer/splayer_command"/>
				<Option object_output="./"/>
				<Option type="1"/>
				<Option compiler="gcc"/>
				<Compiler>
					<Add directory="/Users/biezhihua/StudySpace/SPlayer/splayer_command/../distribution/mac/ffmpeg/include"/>
					<Add directory="/Users/biezhihua/StudySpace/SPlayer/splayer_command/../splayer_core/include"/>
				</Compiler>
				<MakeCommands>
					<Build command="/usr/bin/make -f &quot;/Users/biezhihua/StudySpace/SPlayer/splayer_command/Makefile&quot;  VERBOSE=1 splayer_command/fast"/>
					<CompileFile command="/usr/bin/make -f &quot;/Users/biezhihua/StudySpace/SPlayer/splayer_command/Makefile&quot;  VERBOSE=1 &quot;$file&quot;"/>
					<Clean command="/usr/bin/make -f &quot;/Users/biezhihua/StudySpace/SPlayer/splayer_command/Makefile&quot;  VERBOSE=1 clean"/>
					<DistClean command="/usr/bin/make -f &quot;/Users/biezhihua/StudySpace/SPlayer/splayer_command/Makefile&quot;  VERBOSE=1 clean"/>
				</MakeCommands>
			</Target>
			<Target title="splayer_core">
				<Option output="/Users/biezhihua/StudySpace/SPlayer/splayer_command/splayer_core/libsplayer_core.a" prefix_auto="0" extension_auto="0"/>
				<Option working_dir="/Users/biezhihua/StudySpace/SPlayer/splayer_command/splayer_core"/>
				<Option object_output="./"/>
				<Option type="2"/>
				<Option compiler="gcc"/>
				<Compiler>
					<Add directory="/Users/biezhihua/StudySpace/SPlayer/splayer_core/include"/>
					<Add directory="/Users/biezhihua/StudySpace/SPlayer/splayer_core/../distribution/mac/ffmpeg/include"/>
					<Add directory="/Users/biezhihua/StudySpace/SPlayer/splayer_core/src"/>
					<Add directory="/Users/biezhihua/StudySpace/SPlayer/splayer_core/extra_soundtouch"/>
				</Compiler>
				<MakeCommands>
					<Build command="/usr/bin/make -f &quot;/Users/biezhihua/StudySpace/SPlayer/splayer_command/splayer_core/Makefile&quot;  VERBOSE=1 splayer_core"/>
					<CompileFile command="/usr/bin/make -f &quot;/Users/biezhihua/StudySpace/SPlayer/splayer_command/splayer_core/Makefile&quot;  VERBOSE=1 &quot;$file&quot;"/>
					<Clean command="/usr/bin/make -f &quot;/Users/biezhihua/StudySpace/SPlayer/splayer_command/splayer_core/Makefile&quot;  VERBOSE=1 clean"/>
					<DistClean command="/usr/bin/make -f &quot;/Users/biezhihua/StudySpace/SPlayer/splayer_command/splayer_core/Makefile&quot;  VERBOSE=1 clean"/>
				</MakeCommands>
			</Target>
			<Target title="splayer_core/fast">
				<Option output="/Users/biezhihua/StudySpace/SPlayer/splayer_command/splayer_core/libsplayer_core.a" prefix_auto="0" extension_auto="0"/>
				<Option working_dir="/Users/biezhihua/StudySpace/SPlayer/splayer_command/splayer_core"/>
				<Option object_output="./"/>
				<Option type="2"/>
				<Option compiler="gcc"/>
				<Compiler>
					<Add directory="/Users/biezhihua/StudySpace/SPlayer/splayer_core/include"/>
					<Add directory="/Users/biezhihua/StudySpace/SPlayer/splayer_core/../distribution/mac/ffmpeg/include"/>
					<Add directory="/Users/biezhihua/StudySpace/SPlayer/splayer_core/src"/>
					<Add directory="/Users/biezhihua/StudySpace/SPlayer/splayer_core/extra_soundtouch"/>
				</Compiler>
				<MakeCommands>
					<Build command="/usr/bin/make -f &quot;/Users/biezhihua/StudySpace/SPlayer/splayer_command/splayer_core/Makefile&quot;  VERBOSE=1 splayer_core/fast"/>
					<CompileFile command="/usr/bin/make -f &quot;/Users/biezhihua/StudySpace/SPlayer/splayer_command/splayer_core/Makefile&quot;  VERBOSE=1 &quot;$file&quot;"/>
					<Clean command="/usr/bin/make -f &quot;/Users/biezhihua/StudySpace/SPlayer/splayer_command/splayer_core/Makefile&quot;  VERBOSE=1 clean"/>
					<DistClean command="/usr/bin/make -f &quot;/Users/biezhihua/StudySpace/SPlayer/splayer_command/splayer_core/Makefile&quot;  VERBOSE=1 clean"/>
				</MakeCommands>
			</Target>
		</Build>
		<Unit filename="/Users/biezhihua/StudySpace/SPlayer/splayer_command/src/MacAOut.cpp">
			<Option target="splayer_command"/>
		</Unit>
		<Unit filename="/Users/biezhihua/StudySpace/SPlayer/splayer_command/src/MacAOut.h">
			<Option target="splayer_command"/>
		</Unit>
		<Unit filename="/Users/biezhihua/StudySpace/SPlayer/splayer_command/src/MacMediaPlayer.cpp">
			<Option target="splayer_command"/>
		</Unit>
		<Unit filename="/Users/biezhihua/StudySpace/SPlayer/splayer_command/src/MacMediaPlayer.h">
			<Option target="splayer_command"/>
		</Unit>
		<Unit filename="/Users/biezhihua/StudySpace/SPlayer/splayer_command/src/MacPipeline.cpp">
			<Option target="splayer_command"/>
		</Unit>
		<Unit filename="/Users/biezhihua/StudySpace/SPlayer/splayer_command/src/MacPipeline.h">
			<Option target="splayer_command"/>
		</Unit>
		<Unit filename="/Users/biezhihua/StudySpace/SPlayer/splayer_command/src/MacPipelineOpaque.cpp">
			<Option target="splayer_command"/>
		</Unit>
		<Unit filename="/Users/biezhihua/StudySpace/SPlayer/splayer_command/src/MacPipelineOpaque.h">
			<Option target="splayer_command"/>
		</Unit>
		<Unit filename="/Users/biezhihua/StudySpace/SPlayer/splayer_command/src/MacVOut.cpp">
			<Option target="splayer_command"/>
		</Unit>
		<Unit filename="/Users/biezhihua/StudySpace/SPlayer/splayer_command/src/MacVOut.h">
			<Option target="splayer_command"/>
		</Unit>
		<Unit filename="/Users/biezhihua/StudySpace/SPlayer/splayer_command/src/MacVOutOpaque.cpp">
			<Option target="splayer_command"/>
		</Unit>
		<Unit filename="/Users/biezhihua/StudySpace/SPlayer/splayer_command/src/MacVOutOpaque.h">
			<Option target="splayer_command"/>
		</Unit>
		<Unit filename="/Users/biezhihua/StudySpace/SPlayer/splayer_command/src/main.cpp">
			<Option target="splayer_command"/>
		</Unit>
		<Unit filename="/Users/biezhihua/StudySpace/SPlayer/splayer_core/extra/soundtouch/AAFilter.cpp">
			<Option target="splayer_core"/>
		</Unit>
		<Unit filename="/Users/biezhihua/StudySpace/SPlayer/splayer_core/extra/soundtouch/AAFilter.h">
			<Option target="splayer_core"/>
		</Unit>
		<Unit filename="/Users/biezhihua/StudySpace/SPlayer/splayer_core/extra/soundtouch/BPMDetect.cpp">
			<Option target="splayer_core"/>
		</Unit>
		<Unit filename="/Users/biezhihua/StudySpace/SPlayer/splayer_core/extra/soundtouch/BPMDetect.h">
			<Option target="splayer_core"/>
		</Unit>
		<Unit filename="/Users/biezhihua/StudySpace/SPlayer/splayer_core/extra/soundtouch/FIFOSampleBuffer.cpp">
			<Option target="splayer_core"/>
		</Unit>
		<Unit filename="/Users/biezhihua/StudySpace/SPlayer/splayer_core/extra/soundtouch/FIFOSampleBuffer.h">
			<Option target="splayer_core"/>
		</Unit>
		<Unit filename="/Users/biezhihua/StudySpace/SPlayer/splayer_core/extra/soundtouch/FIRFilter.cpp">
			<Option target="splayer_core"/>
		</Unit>
		<Unit filename="/Users/biezhihua/StudySpace/SPlayer/splayer_core/extra/soundtouch/FIRFilter.h">
			<Option target="splayer_core"/>
		</Unit>
		<Unit filename="/Users/biezhihua/StudySpace/SPlayer/splayer_core/extra/soundtouch/InterpolateCubic.cpp">
			<Option target="splayer_core"/>
		</Unit>
		<Unit filename="/Users/biezhihua/StudySpace/SPlayer/splayer_core/extra/soundtouch/InterpolateCubic.h">
			<Option target="splayer_core"/>
		</Unit>
		<Unit filename="/Users/biezhihua/StudySpace/SPlayer/splayer_core/extra/soundtouch/InterpolateLinear.cpp">
			<Option target="splayer_core"/>
		</Unit>
		<Unit filename="/Users/biezhihua/StudySpace/SPlayer/splayer_core/extra/soundtouch/InterpolateLinear.h">
			<Option target="splayer_core"/>
		</Unit>
		<Unit filename="/Users/biezhihua/StudySpace/SPlayer/splayer_core/extra/soundtouch/InterpolateShannon.cpp">
			<Option target="splayer_core"/>
		</Unit>
		<Unit filename="/Users/biezhihua/StudySpace/SPlayer/splayer_core/extra/soundtouch/InterpolateShannon.h">
			<Option target="splayer_core"/>
		</Unit>
		<Unit filename="/Users/biezhihua/StudySpace/SPlayer/splayer_core/extra/soundtouch/PeakFinder.cpp">
			<Option target="splayer_core"/>
		</Unit>
		<Unit filename="/Users/biezhihua/StudySpace/SPlayer/splayer_core/extra/soundtouch/PeakFinder.h">
			<Option target="splayer_core"/>
		</Unit>
		<Unit filename="/Users/biezhihua/StudySpace/SPlayer/splayer_core/extra/soundtouch/RateTransposer.cpp">
			<Option target="splayer_core"/>
		</Unit>
		<Unit filename="/Users/biezhihua/StudySpace/SPlayer/splayer_core/extra/soundtouch/RateTransposer.h">
			<Option target="splayer_core"/>
		</Unit>
		<Unit filename="/Users/biezhihua/StudySpace/SPlayer/splayer_core/extra/soundtouch/SoundTouch.cpp">
			<Option target="splayer_core"/>
		</Unit>
		<Unit filename="/Users/biezhihua/StudySpace/SPlayer/splayer_core/extra/soundtouch/SoundTouch.h">
			<Option target="splayer_core"/>
		</Unit>
		<Unit filename="/Users/biezhihua/StudySpace/SPlayer/splayer_core/extra/soundtouch/TDStretch.cpp">
			<Option target="splayer_core"/>
		</Unit>
		<Unit filename="/Users/biezhihua/StudySpace/SPlayer/splayer_core/extra/soundtouch/TDStretch.h">
			<Option target="splayer_core"/>
		</Unit>
		<Unit filename="/Users/biezhihua/StudySpace/SPlayer/splayer_core/extra/soundtouch/cpu_detect_x86.cpp">
			<Option target="splayer_core"/>
		</Unit>
		<Unit filename="/Users/biezhihua/StudySpace/SPlayer/splayer_core/extra/soundtouch/mmx_optimized.cpp">
			<Option target="splayer_core"/>
		</Unit>
		<Unit filename="/Users/biezhihua/StudySpace/SPlayer/splayer_core/extra/soundtouch/sse_optimized.cpp">
			<Option target="splayer_core"/>
		</Unit>
		<Unit filename="/Users/biezhihua/StudySpace/SPlayer/splayer_core/include/ErrorNo.h">
			<Option target="splayer_core"/>
		</Unit>
		<Unit filename="/Users/biezhihua/StudySpace/SPlayer/splayer_core/src/AOut.cpp">
			<Option target="splayer_core"/>
		</Unit>
		<Unit filename="/Users/biezhihua/StudySpace/SPlayer/splayer_core/src/FFPlay.cpp">
			<Option target="splayer_core"/>
		</Unit>
		<Unit filename="/Users/biezhihua/StudySpace/SPlayer/splayer_core/src/MediaPlayer.cpp">
			<Option target="splayer_core"/>
		</Unit>
		<Unit filename="/Users/biezhihua/StudySpace/SPlayer/splayer_core/src/Message.cpp">
			<Option target="splayer_core"/>
		</Unit>
		<Unit filename="/Users/biezhihua/StudySpace/SPlayer/splayer_core/src/MessageQueue.cpp">
			<Option target="splayer_core"/>
		</Unit>
		<Unit filename="/Users/biezhihua/StudySpace/SPlayer/splayer_core/src/Mutex.cpp">
			<Option target="splayer_core"/>
		</Unit>
		<Unit filename="/Users/biezhihua/StudySpace/SPlayer/splayer_core/src/Pipeline.cpp">
			<Option target="splayer_core"/>
		</Unit>
		<Unit filename="/Users/biezhihua/StudySpace/SPlayer/splayer_core/src/PipelineNode.cpp">
			<Option target="splayer_core"/>
		</Unit>
		<Unit filename="/Users/biezhihua/StudySpace/SPlayer/splayer_core/src/PipelineOpaque.cpp">
			<Option target="splayer_core"/>
		</Unit>
		<Unit filename="/Users/biezhihua/StudySpace/SPlayer/splayer_core/src/RefCount.cpp">
			<Option target="splayer_core"/>
		</Unit>
		<Unit filename="/Users/biezhihua/StudySpace/SPlayer/splayer_core/src/State.cpp">
			<Option target="splayer_core"/>
		</Unit>
		<Unit filename="/Users/biezhihua/StudySpace/SPlayer/splayer_core/src/Thread.cpp">
			<Option target="splayer_core"/>
		</Unit>
		<Unit filename="/Users/biezhihua/StudySpace/SPlayer/splayer_core/src/VOut.cpp">
			<Option target="splayer_core"/>
		</Unit>
		<Unit filename="/Users/biezhihua/StudySpace/SPlayer/splayer_core/src/VOutOpaque.cpp">
			<Option target="splayer_core"/>
		</Unit>
		<Unit filename="/Users/biezhihua/StudySpace/SPlayer/splayer_core/src/VOutOverlay.cpp">
			<Option target="splayer_core"/>
		</Unit>
		<Unit filename="/Users/biezhihua/StudySpace/SPlayer/splayer_core/src/VOutOverlayOpaque.cpp">
			<Option target="splayer_core"/>
		</Unit>
		<Unit filename="/Users/biezhihua/StudySpace/SPlayer/splayer_command/CMakeLists.txt">
			<Option virtualFolder="CMake Files\"/>
		</Unit>
		<Unit filename="/Users/biezhihua/StudySpace/SPlayer/splayer_command/../splayer_core/CMakeLists.txt">
			<Option virtualFolder="CMake Files\..\splayer_core\"/>
		</Unit>
	</Project>
</CodeBlocks_project_file>
